
Microsoft Visual Studio Solution File, Format Version 12.00
# Visual Studio Version 17
VisualStudioVersion = 17.8.34212.112
MinimumVisualStudioVersion = 10.0.40219.1
Project("{8BC9CEB8-8B4A-11D0-8D11-00A0C91BC942}") = "2.3.Vectors", "2.3.Vectors.vcxproj", "{FB297D28-3600-43AC-89EB-B562E8237F3E}"
EndProject
Global
	GlobalSection(SolutionConfigurationPlatforms) = preSolution
		Debug|x64 = Debug|x64
		Debug|x86 = Debug|x86
		Release|x64 = Release|x64
		Release|x86 = Release|x86
	EndGlobalSection
	GlobalSection(ProjectConfigurationPlatforms) = postSolution
		{FB297D28-3600-43AC-89EB-B562E8237F3E}.Debug|x64.ActiveCfg = Debug|x64
		{FB297D28-3600-43AC-89EB-B562E8237F3E}.Debug|x64.Build.0 = Debug|x64
		{FB297D28-3600-43AC-89EB-B562E8237F3E}.Debug|x86.ActiveCfg = Debug|Win32
		{FB297D28-3600-43AC-89EB-B562E8237F3E}.Debug|x86.Build.0 = Debug|Win32
		{FB297D28-3600-43AC-89EB-B562E8237F3E}.Release|x64.ActiveCfg = Release|x64
		{FB297D28-3600-43AC-89EB-B562E8237F3E}.Release|x64.Build.0 = Release|x64
		{FB297D28-3600-43AC-89EB-B562E8237F3E}.Release|x86.ActiveCfg = Release|Win32
		{FB297D28-3600-43AC-89EB-B562E8237F3E}.Release|x86.Build.0 = Release|Win32
	EndGlobalSection
	GlobalSection(SolutionProperties) = preSolution
		HideSolutionNode = FALSE
	EndGlobalSection
	GlobalSection(ExtensibilityGlobals) = postSolution
		SolutionGuid = {763F08F7-2236-4020-A360-F0C1F2D6F07F}
	EndGlobalSection
EndGlobal
